
Microsoft Visual Studio Solution File, Format Version 12.00
# Visual Studio Version 16
VisualStudioVersion = 16.0.31321.278
MinimumVisualStudioVersion = 10.0.40219.1
Project("{FAE04EC0-301F-11D3-BF4B-00C04F79EFBC}") = "TasitÖdeviApp", "TasitÖdeviApp\TasitÖdeviApp.csproj", "{48E5E26D-20DC-4789-A18C-84914E1BA899}"
EndProject
Project("{FAE04EC0-301F-11D3-BF4B-00C04F79EFBC}") = "TasitLib", "TasitLib\TasitLib.csproj", "{15105894-1687-4AF3-9908-56B47DE22C6F}"
EndProject
Global
	GlobalSection(SolutionConfigurationPlatforms) = preSolution
		Debug|Any CPU = Debug|Any CPU
		Release|Any CPU = Release|Any CPU
	EndGlobalSection
	GlobalSection(ProjectConfigurationPlatforms) = postSolution
		{48E5E26D-20DC-4789-A18C-84914E1BA899}.Debug|Any CPU.ActiveCfg = Debug|Any CPU
		{48E5E26D-20DC-4789-A18C-84914E1BA899}.Debug|Any CPU.Build.0 = Debug|Any CPU
		{48E5E26D-20DC-4789-A18C-84914E1BA899}.Release|Any CPU.ActiveCfg = Release|Any CPU
		{48E5E26D-20DC-4789-A18C-84914E1BA899}.Release|Any CPU.Build.0 = Release|Any CPU
		{15105894-1687-4AF3-9908-56B47DE22C6F}.Debug|Any CPU.ActiveCfg = Debug|Any CPU
		{15105894-1687-4AF3-9908-56B47DE22C6F}.Debug|Any CPU.Build.0 = Debug|Any CPU
		{15105894-1687-4AF3-9908-56B47DE22C6F}.Release|Any CPU.ActiveCfg = Release|Any CPU
		{15105894-1687-4AF3-9908-56B47DE22C6F}.Release|Any CPU.Build.0 = Release|Any CPU
	EndGlobalSection
	GlobalSection(SolutionProperties) = preSolution
		HideSolutionNode = FALSE
	EndGlobalSection
	GlobalSection(ExtensibilityGlobals) = postSolution
		SolutionGuid = {87F7100D-61CC-427E-8F05-80608538AA8F}
	EndGlobalSection
EndGlobal
